
Microsoft Visual Studio Solution File, Format Version 12.00
# Visual Studio Version 17
VisualStudioVersion = 17.8.34330.188
MinimumVisualStudioVersion = 10.0.40219.1
Project("{FAE04EC0-301F-11D3-BF4B-00C04F79EFBC}") = "DecoratorPattern", "DecoratorPattern\DecoratorPattern.csproj", "{45143E62-44D8-405A-B278-A619E0A1196B}"
EndProject
Global
	GlobalSection(SolutionConfigurationPlatforms) = preSolution
		Debug|Any CPU = Debug|Any CPU
		Release|Any CPU = Release|Any CPU
	EndGlobalSection
	GlobalSection(ProjectConfigurationPlatforms) = postSolution
		{45143E62-44D8-405A-B278-A619E0A1196B}.Debug|Any CPU.ActiveCfg = Debug|Any CPU
		{45143E62-44D8-405A-B278-A619E0A1196B}.Debug|Any CPU.Build.0 = Debug|Any CPU
		{45143E62-44D8-405A-B278-A619E0A1196B}.Release|Any CPU.ActiveCfg = Release|Any CPU
		{45143E62-44D8-405A-B278-A619E0A1196B}.Release|Any CPU.Build.0 = Release|Any CPU
	EndGlobalSection
	GlobalSection(SolutionProperties) = preSolution
		HideSolutionNode = FALSE
	EndGlobalSection
	GlobalSection(ExtensibilityGlobals) = postSolution
		SolutionGuid = {3BF186AF-C5DB-491F-B688-6CAE3F9C794C}
	EndGlobalSection
EndGlobal
