
Microsoft Visual Studio Solution File, Format Version 12.00
# Visual Studio Version 17
VisualStudioVersion = 17.8.34330.188
MinimumVisualStudioVersion = 10.0.40219.1
Project("{FAE04EC0-301F-11D3-BF4B-00C04F79EFBC}") = "Collections", "Collections\Collections.csproj", "{F33E4187-A797-40E3-876F-3FE5D50E366E}"
EndProject
Global
	GlobalSection(SolutionConfigurationPlatforms) = preSolution
		Debug|Any CPU = Debug|Any CPU
		Release|Any CPU = Release|Any CPU
	EndGlobalSection
	GlobalSection(ProjectConfigurationPlatforms) = postSolution
		{F33E4187-A797-40E3-876F-3FE5D50E366E}.Debug|Any CPU.ActiveCfg = Debug|Any CPU
		{F33E4187-A797-40E3-876F-3FE5D50E366E}.Debug|Any CPU.Build.0 = Debug|Any CPU
		{F33E4187-A797-40E3-876F-3FE5D50E366E}.Release|Any CPU.ActiveCfg = Release|Any CPU
		{F33E4187-A797-40E3-876F-3FE5D50E366E}.Release|Any CPU.Build.0 = Release|Any CPU
	EndGlobalSection
	GlobalSection(SolutionProperties) = preSolution
		HideSolutionNode = FALSE
	EndGlobalSection
	GlobalSection(ExtensibilityGlobals) = postSolution
		SolutionGuid = {518C8E15-DEEC-461F-BD85-5D4D1DB8F753}
	EndGlobalSection
EndGlobal
